// !$*UTF8*$!
{
	archiveVersion = 1;
	classes = {
	};
	objectVersion = 46;
	objects = {

/* Begin PBXBuildFile section */
		EECB6B541AA83B380033ABCF /* main.m in Sources */ = {isa = PBXBuildFile; fileRef = EECB6B531AA83B380033ABCF /* main.m */; };
		EECB6B571AA83B380033ABCF /* AppDelegate.m in Sources */ = {isa = PBXBuildFile; fileRef = EECB6B561AA83B380033ABCF /* AppDelegate.m */; };
		EECB6B5D1AA83B380033ABCF /* Main.storyboard in Resources */ = {isa = PBXBuildFile; fileRef = EECB6B5B1AA83B380033ABCF /* Main.storyboard */; };
		EECB6B5F1AA83B380033ABCF /* Images.xcassets in Resources */ = {isa = PBXBuildFile; fileRef = EECB6B5E1AA83B380033ABCF /* Images.xcassets */; };
		EECB6B621AA83B380033ABCF /* LaunchScreen.xib in Resources */ = {isa = PBXBuildFile; fileRef = EECB6B601AA83B380033ABCF /* LaunchScreen.xib */; };
		EECB6B6E1AA83B380033ABCF /* FishListTests.m in Sources */ = {isa = PBXBuildFile; fileRef = EECB6B6D1AA83B380033ABCF /* FishListTests.m */; };
		EECB6B791AA83FB20033ABCF /* TableViewController.m in Sources */ = {isa = PBXBuildFile; fileRef = EECB6B781AA83FB20033ABCF /* TableViewController.m */; };
/* End PBXBuildFile section */

/* Begin PBXContainerItemProxy section */
		EECB6B681AA83B380033ABCF /* PBXContainerItemProxy */ = {
			isa = PBXContainerItemProxy;
			containerPortal = EECB6B461AA83B380033ABCF /* Project object */;
			proxyType = 1;
			remoteGlobalIDString = EECB6B4D1AA83B380033ABCF;
			remoteInfo = FishList;
		};
/* End PBXContainerItemProxy section */

/* Begin PBXFileReference section */
		EECB6B4E1AA83B380033ABCF /* FishList.app */ = {isa = PBXFileReference; explicitFileType = wrapper.application; includeInIndex = 0; path = FishList.app; sourceTree = BUILT_PRODUCTS_DIR; };
		EECB6B521AA83B380033ABCF /* Info.plist */ = {isa = PBXFileReference; lastKnownFileType = text.plist.xml; path = Info.plist; sourceTree = "<group>"; };
		EECB6B531AA83B380033ABCF /* main.m */ = {isa = PBXFileReference; lastKnownFileType = sourcecode.c.objc; path = main.m; sourceTree = "<group>"; };
		EECB6B551AA83B380033ABCF /* AppDelegate.h */ = {isa = PBXFileReference; lastKnownFileType = sourcecode.c.h; path = AppDelegate.h; sourceTree = "<group>"; };
		EECB6B561AA83B380033ABCF /* AppDelegate.m */ = {isa = PBXFileReference; lastKnownFileType = sourcecode.c.objc; path = AppDelegate.m; sourceTree = "<group>"; };
		EECB6B5C1AA83B380033ABCF /* Base */ = {isa = PBXFileReference; lastKnownFileType = file.storyboard; name = Base; path = Base.lproj/Main.storyboard; sourceTree = "<group>"; };
		EECB6B5E1AA83B380033ABCF /* Images.xcassets */ = {isa = PBXFileReference; lastKnownFileType = folder.assetcatalog; path = Images.xcassets; sourceTree = "<group>"; };
		EECB6B611AA83B380033ABCF /* Base */ = {isa = PBXFileReference; lastKnownFileType = file.xib; name = Base; path = Base.lproj/LaunchScreen.xib; sourceTree = "<group>"; };
		EECB6B671AA83B380033ABCF /* FishListTests.xctest */ = {isa = PBXFileReference; explicitFileType = wrapper.cfbundle; includeInIndex = 0; path = FishListTests.xctest; sourceTree = BUILT_PRODUCTS_DIR; };
		EECB6B6C1AA83B380033ABCF /* Info.plist */ = {isa = PBXFileReference; lastKnownFileType = text.plist.xml; path = Info.plist; sourceTree = "<group>"; };
		EECB6B6D1AA83B380033ABCF /* FishListTests.m */ = {isa = PBXFileReference; lastKnownFileType = sourcecode.c.objc; path = FishListTests.m; sourceTree = "<group>"; };
		EECB6B771AA83FB20033ABCF /* TableViewController.h */ = {isa = PBXFileReference; fileEncoding = 4; lastKnownFileType = sourcecode.c.h; path = TableViewController.h; sourceTree = "<group>"; };
		EECB6B781AA83FB20033ABCF /* TableViewController.m */ = {isa = PBXFileReference; fileEncoding = 4; lastKnownFileType = sourcecode.c.objc; path = TableViewController.m; sourceTree = "<group>"; };
/* End PBXFileReference section */

/* Begin PBXFrameworksBuildPhase section */
		EECB6B4B1AA83B380033ABCF /* Frameworks */ = {
			isa = PBXFrameworksBuildPhase;
			buildActionMask = 2147483647;
			files = (
			);
			runOnlyForDeploymentPostprocessing = 0;
		};
		EECB6B641AA83B380033ABCF /* Frameworks */ = {
			isa = PBXFrameworksBuildPhase;
			buildActionMask = 2147483647;
			files = (
			);
			runOnlyForDeploymentPostprocessing = 0;
		};
/* End PBXFrameworksBuildPhase section */

/* Begin PBXGroup section */
		EECB6B451AA83B380033ABCF = {
			isa = PBXGroup;
			children = (
				EECB6B501AA83B380033ABCF /* FishList */,
				EECB6B6A1AA83B380033ABCF /* FishListTests */,
				EECB6B4F1AA83B380033ABCF /* Products */,
			);
			sourceTree = "<group>";
		};
		EECB6B4F1AA83B380033ABCF /* Products */ = {
			isa = PBXGroup;
			children = (
				EECB6B4E1AA83B380033ABCF /* FishList.app */,
				EECB6B671AA83B380033ABCF /* FishListTests.xctest */,
			);
			name = Products;
			sourceTree = "<group>";
		};
		EECB6B501AA83B380033ABCF /* FishList */ = {
			isa = PBXGroup;
			children = (
				EECB6B551AA83B380033ABCF /* AppDelegate.h */,
				EECB6B561AA83B380033ABCF /* AppDelegate.m */,
				EECB6B771AA83FB20033ABCF /* TableViewController.h */,
				EECB6B781AA83FB20033ABCF /* TableViewController.m */,
				EECB6B5B1AA83B380033ABCF /* Main.storyboard */,
				EECB6B5E1AA83B380033ABCF /* Images.xcassets */,
				EECB6B601AA83B380033ABCF /* LaunchScreen.xib */,
				EECB6B511AA83B380033ABCF /* Supporting Files */,
			);
			path = FishList;
			sourceTree = "<group>";
		};
		EECB6B511AA83B380033ABCF /* Supporting Files */ = {
			isa = PBXGroup;
			children = (
				EECB6B521AA83B380033ABCF /* Info.plist */,
				EECB6B531AA83B380033ABCF /* main.m */,
			);
			name = "Supporting Files";
			sourceTree = "<group>";
		};
		EECB6B6A1AA83B380033ABCF /* FishListTests */ = {
			isa = PBXGroup;
			children = (
				EECB6B6D1AA83B380033ABCF /* FishListTests.m */,
				EECB6B6B1AA83B380033ABCF /* Supporting Files */,
			);
			path = FishListTests;
			sourceTree = "<group>";
		};
		EECB6B6B1AA83B380033ABCF /* Supporting Files */ = {
			isa = PBXGroup;
			children = (
				EECB6B6C1AA83B380033ABCF /* Info.plist */,
			);
			name = "Supporting Files";
			sourceTree = "<group>";
		};
/* End PBXGroup section */

/* Begin PBXNativeTarget section */
		EECB6B4D1AA83B380033ABCF /* FishList */ = {
			isa = PBXNativeTarget;
			buildConfigurationList = EECB6B711AA83B380033ABCF /* Build configuration list for PBXNativeTarget "FishList" */;
			buildPhases = (
				EECB6B4A1AA83B380033ABCF /* Sources */,
				EECB6B4B1AA83B380033ABCF /* Frameworks */,
				EECB6B4C1AA83B380033ABCF /* Resources */,
			);
			buildRules = (
			);
			dependencies = (
			);
			name = FishList;
			productName = FishList;
			productReference = EECB6B4E1AA83B380033ABCF /* FishList.app */;
			productType = "com.apple.product-type.application";
		};
		EECB6B661AA83B380033ABCF /* FishListTests */ = {
			isa = PBXNativeTarget;
			buildConfigurationList = EECB6B741AA83B380033ABCF /* Build configuration list for PBXNativeTarget "FishListTests" */;
			buildPhases = (
				EECB6B631AA83B380033ABCF /* Sources */,
				EECB6B641AA83B380033ABCF /* Frameworks */,
				EECB6B651AA83B380033ABCF /* Resources */,
			);
			buildRules = (
			);
			dependencies = (
				EECB6B691AA83B380033ABCF /* PBXTargetDependency */,
			);
			name = FishListTests;
			productName = FishListTests;
			productReference = EECB6B671AA83B380033ABCF /* FishListTests.xctest */;
			productType = "com.apple.product-type.bundle.unit-test";
		};
/* End PBXNativeTarget section */

/* Begin PBXProject section */
		EECB6B461AA83B380033ABCF /* Project object */ = {
			isa = PBXProject;
			attributes = {
				LastUpgradeCheck = 0610;
				ORGANIZATIONNAME = "Mark Wong";
				TargetAttributes = {
					EECB6B4D1AA83B380033ABCF = {
						CreatedOnToolsVersion = 6.1.1;
					};
					EECB6B661AA83B380033ABCF = {
						CreatedOnToolsVersion = 6.1.1;
						TestTargetID = EECB6B4D1AA83B380033ABCF;
					};
				};
			};
			buildConfigurationList = EECB6B491AA83B380033ABCF /* Build configuration list for PBXProject "FishList" */;
			compatibilityVersion = "Xcode 3.2";
			developmentRegion = English;
			hasScannedForEncodings = 0;
			knownRegions = (
				en,
				Base,
			);
			mainGroup = EECB6B451AA83B380033ABCF;
			productRefGroup = EECB6B4F1AA83B380033ABCF /* Products */;
			projectDirPath = "";
			projectRoot = "";
			targets = (
				EECB6B4D1AA83B380033ABCF /* FishList */,
				EECB6B661AA83B380033ABCF /* FishListTests */,
			);
		};
/* End PBXProject section */

/* Begin PBXResourcesBuildPhase section */
		EECB6B4C1AA83B380033ABCF /* Resources */ = {
			isa = PBXResourcesBuildPhase;
			buildActionMask = 2147483647;
			files = (
				EECB6B5D1AA83B380033ABCF /* Main.storyboard in Resources */,
				EECB6B621AA83B380033ABCF /* LaunchScreen.xib in Resources */,
				EECB6B5F1AA83B380033ABCF /* Images.xcassets in Resources */,
			);
			runOnlyForDeploymentPostprocessing = 0;
		};
		EECB6B651AA83B380033ABCF /* Resources */ = {
			isa = PBXResourcesBuildPhase;
			buildActionMask = 2147483647;
			files = (
			);
			runOnlyForDeploymentPostprocessing = 0;
		};
/* End PBXResourcesBuildPhase section */

/* Begin PBXSourcesBuildPhase section */
		EECB6B4A1AA83B380033ABCF /* Sources */ = {
			isa = PBXSourcesBuildPhase;
			buildActionMask = 2147483647;
			files = (
				EECB6B571AA83B380033ABCF /* AppDelegate.m in Sources */,
				EECB6B541AA83B380033ABCF /* main.m in Sources */,
				EECB6B791AA83FB20033ABCF /* TableViewController.m in Sources */,
			);
			runOnlyForDeploymentPostprocessing = 0;
		};
		EECB6B631AA83B380033ABCF /* Sources */ = {
			isa = PBXSourcesBuildPhase;
			buildActionMask = 2147483647;
			files = (
				EECB6B6E1AA83B380033ABCF /* FishListTests.m in Sources */,
			);
			runOnlyForDeploymentPostprocessing = 0;
		};
/* End PBXSourcesBuildPhase section */

/* Begin PBXTargetDependency section */
		EECB6B691AA83B380033ABCF /* PBXTargetDependency */ = {
			isa = PBXTargetDependency;
			target = EECB6B4D1AA83B380033ABCF /* FishList */;
			targetProxy = EECB6B681AA83B380033ABCF /* PBXContainerItemProxy */;
		};
/* End PBXTargetDependency section */

/* Begin PBXVariantGroup section */
		EECB6B5B1AA83B380033ABCF /* Main.storyboard */ = {
			isa = PBXVariantGroup;
			children = (
				EECB6B5C1AA83B380033ABCF /* Base */,
			);
			name = Main.storyboard;
			sourceTree = "<group>";
		};
		EECB6B601AA83B380033ABCF /* LaunchScreen.xib */ = {
			isa = PBXVariantGroup;
			children = (
				EECB6B611AA83B380033ABCF /* Base */,
			);
			name = LaunchScreen.xib;
			sourceTree = "<group>";
		};
/* End PBXVariantGroup section */

/* Begin XCBuildConfiguration section */
		EECB6B6F1AA83B380033ABCF /* Debug */ = {
			isa = XCBuildConfiguration;
			buildSettings = {
				ALWAYS_SEARCH_USER_PATHS = NO;
				CLANG_CXX_LANGUAGE_STANDARD = "gnu++0x";
				CLANG_CXX_LIBRARY = "libc++";
				CLANG_ENABLE_MODULES = YES;
				CLANG_ENABLE_OBJC_ARC = YES;
				CLANG_WARN_BOOL_CONVERSION = YES;
				CLANG_WARN_CONSTANT_CONVERSION = YES;
				CLANG_WARN_DIRECT_OBJC_ISA_USAGE = YES_ERROR;
				CLANG_WARN_EMPTY_BODY = YES;
				CLANG_WARN_ENUM_CONVERSION = YES;
				CLANG_WARN_INT_CONVERSION = YES;
				CLANG_WARN_OBJC_ROOT_CLASS = YES_ERROR;
				CLANG_WARN_UNREACHABLE_CODE = YES;
				CLANG_WARN__DUPLICATE_METHOD_MATCH = YES;
				"CODE_SIGN_IDENTITY[sdk=iphoneos*]" = "iPhone Developer";
				COPY_PHASE_STRIP = NO;
				ENABLE_STRICT_OBJC_MSGSEND = YES;
				GCC_C_LANGUAGE_STANDARD = gnu99;
				GCC_DYNAMIC_NO_PIC = NO;
				GCC_OPTIMIZATION_LEVEL = 0;
				GCC_PREPROCESSOR_DEFINITIONS = (
					"DEBUG=1",
					"$(inherited)",
				);
				GCC_SYMBOLS_PRIVATE_EXTERN = NO;
				GCC_WARN_64_TO_32_BIT_CONVERSION = YES;
				GCC_WARN_ABOUT_RETURN_TYPE = YES_ERROR;
				GCC_WARN_UNDECLARED_SELECTOR = YES;
				GCC_WARN_UNINITIALIZED_AUTOS = YES_AGGRESSIVE;
				GCC_WARN_UNUSED_FUNCTION = YES;
				GCC_WARN_UNUSED_VARIABLE = YES;
				IPHONEOS_DEPLOYMENT_TARGET = 8.1;
				MTL_ENABLE_DEBUG_INFO = YES;
				ONLY_ACTIVE_ARCH = YES;
				SDKROOT = iphoneos;
			};
			name = Debug;
		};
		EECB6B701AA83B380033ABCF /* Release */ = {
			isa = XCBuildConfiguration;
			buildSettings = {
				ALWAYS_SEARCH_USER_PATHS = NO;
				CLANG_CXX_LANGUAGE_STANDARD = "gnu++0x";
				CLANG_CXX_LIBRARY = "libc++";
				CLANG_ENABLE_MODULES = YES;
				CLANG_ENABLE_OBJC_ARC = YES;
				CLANG_WARN_BOOL_CONVERSION = YES;
				CLANG_WARN_CONSTANT_CONVERSION = YES;
				CLANG_WARN_DIRECT_OBJC_ISA_USAGE = YES_ERROR;
				CLANG_WARN_EMPTY_BODY = YES;
				CLANG_WARN_ENUM_CONVERSION = YES;
				CLANG_WARN_INT_CONVERSION = YES;
				CLANG_WARN_OBJC_ROOT_CLASS = YES_ERROR;
				CLANG_WARN_UNREACHABLE_CODE = YES;
				CLANG_WARN__DUPLICATE_METHOD_MATCH = YES;
				"CODE_SIGN_IDENTITY[sdk=iphoneos*]" = "iPhone Developer";
				COPY_PHASE_STRIP = YES;
				ENABLE_NS_ASSERTIONS = NO;
				ENABLE_STRICT_OBJC_MSGSEND = YES;
				GCC_C_LANGUAGE_STANDARD = gnu99;
				GCC_WARN_64_TO_32_BIT_CONVERSION = YES;
				GCC_WARN_ABOUT_RETURN_TYPE = YES_ERROR;
				GCC_WARN_UNDECLARED_SELECTOR = YES;
				GCC_WARN_UNINITIALIZED_AUTOS = YES_AGGRESSIVE;
				GCC_WARN_UNUSED_FUNCTION = YES;
				GCC_WARN_UNUSED_VARIABLE = YES;
				IPHONEOS_DEPLOYMENT_TARGET = 8.1;
				MTL_ENABLE_DEBUG_INFO = NO;
				SDKROOT = iphoneos;
				VALIDATE_PRODUCT = YES;
			};
			name = Release;
		};
		EECB6B721AA83B380033ABCF /* Debug */ = {
			isa = XCBuildConfiguration;
			buildSettings = {
				ASSETCATALOG_COMPILER_APPICON_NAME = AppIcon;
				INFOPLIST_FILE = FishList/Info.plist;
				LD_RUNPATH_SEARCH_PATHS = "$(inherited) @executable_path/Frameworks";
				PRODUCT_NAME = "$(TARGET_NAME)";
			};
			name = Debug;
		};
		EECB6B731AA83B380033ABCF /* Release */ = {
			isa = XCBuildConfiguration;
			buildSettings = {
				ASSETCATALOG_COMPILER_APPICON_NAME = AppIcon;
				INFOPLIST_FILE = FishList/Info.plist;
				LD_RUNPATH_SEARCH_PATHS = "$(inherited) @executable_path/Frameworks";
				PRODUCT_NAME = "$(TARGET_NAME)";
			};
			name = Release;
		};
		EECB6B751AA83B380033ABCF /* Debug */ = {
			isa = XCBuildConfiguration;
			buildSettings = {
				BUNDLE_LOADER = "$(TEST_HOST)";
				FRAMEWORK_SEARCH_PATHS = (
					"$(SDKROOT)/Developer/Library/Frameworks",
					"$(inherited)",
				);
				GCC_PREPROCESSOR_DEFINITIONS = (
					"DEBUG=1",
					"$(inherited)",
				);
				INFOPLIST_FILE = FishListTests/Info.plist;
				LD_RUNPATH_SEARCH_PATHS = "$(inherited) @executable_path/Frameworks @loader_path/Frameworks";
				PRODUCT_NAME = "$(TARGET_NAME)";
				TEST_HOST = "$(BUILT_PRODUCTS_DIR)/FishList.app/FishList";
			};
			name = Debug;
		};
		EECB6B761AA83B380033ABCF /* Release */ = {
			isa = XCBuildConfiguration;
			buildSettings = {
				BUNDLE_LOADER = "$(TEST_HOST)";
				FRAMEWORK_SEARCH_PATHS = (
					"$(SDKROOT)/Developer/Library/Frameworks",
					"$(inherited)",
				);
				INFOPLIST_FILE = FishListTests/Info.plist;
				LD_RUNPATH_SEARCH_PATHS = "$(inherited) @executable_path/Frameworks @loader_path/Frameworks";
				PRODUCT_NAME = "$(TARGET_NAME)";
				TEST_HOST = "$(BUILT_PRODUCTS_DIR)/FishList.app/FishList";
			};
			name = Release;
		};
/* End XCBuildConfiguration section */

/* Begin XCConfigurationList section */
		EECB6B491AA83B380033ABCF /* Build configuration list for PBXProject "FishList" */ = {
			isa = XCConfigurationList;
			buildConfigurations = (
				EECB6B6F1AA83B380033ABCF /* Debug */,
				EECB6B701AA83B380033ABCF /* Release */,
			);
			defaultConfigurationIsVisible = 0;
			defaultConfigurationName = Release;
		};
		EECB6B711AA83B380033ABCF /* Build configuration list for PBXNativeTarget "FishList" */ = {
			isa = XCConfigurationList;
			buildConfigurations = (
				EECB6B721AA83B380033ABCF /* Debug */,
				EECB6B731AA83B380033ABCF /* Release */,
			);
			defaultConfigurationIsVisible = 0;
		};
		EECB6B741AA83B380033ABCF /* Build configuration list for PBXNativeTarget "FishListTests" */ = {
			isa = XCConfigurationList;
			buildConfigurations = (
				EECB6B751AA83B380033ABCF /* Debug */,
				EECB6B761AA83B380033ABCF /* Release */,
			);
			defaultConfigurationIsVisible = 0;
		};
/* End XCConfigurationList section */
	};
	rootObject = EECB6B461AA83B380033ABCF /* Project object */;
}
